
Microsoft Visual Studio Solution File, Format Version 12.00
# Visual Studio 15
VisualStudioVersion = 15.0.28307.645
MinimumVisualStudioVersion = 10.0.40219.1
Project("{FAE04EC0-301F-11D3-BF4B-00C04F79EFBC}") = "LoginDemo", "LoginDemo\LoginDemo.csproj", "{011C6114-FECB-43F1-BDC4-F54BED0A43B4}"
EndProject
Project("{00D1A9C2-B5F0-4AF3-8072-F6C62B433612}") = "LoginDemoDB", "LoginDemoDB\LoginDemoDB.sqlproj", "{13CA0CEB-C348-4CE3-B90A-69E247121819}"
EndProject
Project("{FAE04EC0-301F-11D3-BF4B-00C04F79EFBC}") = "LoginDemo.DataModel", "LoginDemo.DataModel\LoginDemo.DataModel.csproj", "{24A920CE-E16A-40BC-A199-7CD66EFAE1EC}"
EndProject
Global
	GlobalSection(SolutionConfigurationPlatforms) = preSolution
		Debug|Any CPU = Debug|Any CPU
		Release|Any CPU = Release|Any CPU
	EndGlobalSection
	GlobalSection(ProjectConfigurationPlatforms) = postSolution
		{011C6114-FECB-43F1-BDC4-F54BED0A43B4}.Debug|Any CPU.ActiveCfg = Debug|Any CPU
		{011C6114-FECB-43F1-BDC4-F54BED0A43B4}.Debug|Any CPU.Build.0 = Debug|Any CPU
		{011C6114-FECB-43F1-BDC4-F54BED0A43B4}.Release|Any CPU.ActiveCfg = Release|Any CPU
		{011C6114-FECB-43F1-BDC4-F54BED0A43B4}.Release|Any CPU.Build.0 = Release|Any CPU
		{13CA0CEB-C348-4CE3-B90A-69E247121819}.Debug|Any CPU.ActiveCfg = Debug|Any CPU
		{13CA0CEB-C348-4CE3-B90A-69E247121819}.Debug|Any CPU.Build.0 = Debug|Any CPU
		{13CA0CEB-C348-4CE3-B90A-69E247121819}.Debug|Any CPU.Deploy.0 = Debug|Any CPU
		{13CA0CEB-C348-4CE3-B90A-69E247121819}.Release|Any CPU.ActiveCfg = Release|Any CPU
		{13CA0CEB-C348-4CE3-B90A-69E247121819}.Release|Any CPU.Build.0 = Release|Any CPU
		{13CA0CEB-C348-4CE3-B90A-69E247121819}.Release|Any CPU.Deploy.0 = Release|Any CPU
		{24A920CE-E16A-40BC-A199-7CD66EFAE1EC}.Debug|Any CPU.ActiveCfg = Debug|Any CPU
		{24A920CE-E16A-40BC-A199-7CD66EFAE1EC}.Debug|Any CPU.Build.0 = Debug|Any CPU
		{24A920CE-E16A-40BC-A199-7CD66EFAE1EC}.Release|Any CPU.ActiveCfg = Release|Any CPU
		{24A920CE-E16A-40BC-A199-7CD66EFAE1EC}.Release|Any CPU.Build.0 = Release|Any CPU
	EndGlobalSection
	GlobalSection(SolutionProperties) = preSolution
		HideSolutionNode = FALSE
	EndGlobalSection
	GlobalSection(ExtensibilityGlobals) = postSolution
		SolutionGuid = {A72BA5AF-C2BE-49A3-B2AF-70793CB19BF2}
	EndGlobalSection
EndGlobal
